// !$*UTF8*$!
{
	archiveVersion = 1;
	classes = {
	};
	objectVersion = 56;
	objects = {

/* Begin PBXBuildFile section */
		C97AEB0D2A38355A00BB3408 /* CalenderAppApp.swift in Sources */ = {isa = PBXBuildFile; fileRef = C97AEB0C2A38355A00BB3408 /* CalenderAppApp.swift */; };
		C97AEB0F2A38355A00BB3408 /* ContentView.swift in Sources */ = {isa = PBXBuildFile; fileRef = C97AEB0E2A38355A00BB3408 /* ContentView.swift */; };
		C97AEB112A38355B00BB3408 /* Assets.xcassets in Resources */ = {isa = PBXBuildFile; fileRef = C97AEB102A38355B00BB3408 /* Assets.xcassets */; };
		C97AEB142A38355B00BB3408 /* Preview Assets.xcassets in Resources */ = {isa = PBXBuildFile; fileRef = C97AEB132A38355B00BB3408 /* Preview Assets.xcassets */; };
		C97AEB162A38355B00BB3408 /* Persistence.swift in Sources */ = {isa = PBXBuildFile; fileRef = C97AEB152A38355B00BB3408 /* Persistence.swift */; };
		C97AEB232A38355B00BB3408 /* CalenderAppTests.swift in Sources */ = {isa = PBXBuildFile; fileRef = C97AEB222A38355B00BB3408 /* CalenderAppTests.swift */; };
		C97AEB2D2A38355B00BB3408 /* CalenderAppUITests.swift in Sources */ = {isa = PBXBuildFile; fileRef = C97AEB2C2A38355B00BB3408 /* CalenderAppUITests.swift */; };
		C97AEB2F2A38355B00BB3408 /* CalenderAppUITestsLaunchTests.swift in Sources */ = {isa = PBXBuildFile; fileRef = C97AEB2E2A38355B00BB3408 /* CalenderAppUITestsLaunchTests.swift */; };
		C97AEB3D2A3839FE00BB3408 /* Schedule+CoreDataClass.swift in Sources */ = {isa = PBXBuildFile; fileRef = C97AEB3B2A3839FE00BB3408 /* Schedule+CoreDataClass.swift */; };
		C97AEB3E2A3839FE00BB3408 /* Schedule+CoreDataProperties.swift in Sources */ = {isa = PBXBuildFile; fileRef = C97AEB3C2A3839FE00BB3408 /* Schedule+CoreDataProperties.swift */; };
		C97AEB422A3862F000BB3408 /* CellView.swift in Sources */ = {isa = PBXBuildFile; fileRef = C97AEB412A3862F000BB3408 /* CellView.swift */; };
		C97AEB442A38C1AC00BB3408 /* EditScheduleView.swift in Sources */ = {isa = PBXBuildFile; fileRef = C97AEB432A38C1AC00BB3408 /* EditScheduleView.swift */; };
		C97AEB462A38C44F00BB3408 /* AddScheduleView.swift in Sources */ = {isa = PBXBuildFile; fileRef = C97AEB452A38C44F00BB3408 /* AddScheduleView.swift */; };
/* End PBXBuildFile section */

/* Begin PBXContainerItemProxy section */
		C97AEB1F2A38355B00BB3408 /* PBXContainerItemProxy */ = {
			isa = PBXContainerItemProxy;
			containerPortal = C97AEB012A38355A00BB3408 /* Project object */;
			proxyType = 1;
			remoteGlobalIDString = C97AEB082A38355A00BB3408;
			remoteInfo = CalenderApp;
		};
		C97AEB292A38355B00BB3408 /* PBXContainerItemProxy */ = {
			isa = PBXContainerItemProxy;
			containerPortal = C97AEB012A38355A00BB3408 /* Project object */;
			proxyType = 1;
			remoteGlobalIDString = C97AEB082A38355A00BB3408;
			remoteInfo = CalenderApp;
		};
/* End PBXContainerItemProxy section */

/* Begin PBXFileReference section */
		C97AEB092A38355A00BB3408 /* CalenderApp.app */ = {isa = PBXFileReference; explicitFileType = wrapper.application; includeInIndex = 0; path = CalenderApp.app; sourceTree = BUILT_PRODUCTS_DIR; };
		C97AEB0C2A38355A00BB3408 /* CalenderAppApp.swift */ = {isa = PBXFileReference; lastKnownFileType = sourcecode.swift; path = CalenderAppApp.swift; sourceTree = "<group>"; };
		C97AEB0E2A38355A00BB3408 /* ContentView.swift */ = {isa = PBXFileReference; lastKnownFileType = sourcecode.swift; path = ContentView.swift; sourceTree = "<group>"; };
		C97AEB102A38355B00BB3408 /* Assets.xcassets */ = {isa = PBXFileReference; lastKnownFileType = folder.assetcatalog; path = Assets.xcassets; sourceTree = "<group>"; };
		C97AEB132A38355B00BB3408 /* Preview Assets.xcassets */ = {isa = PBXFileReference; lastKnownFileType = folder.assetcatalog; path = "Preview Assets.xcassets"; sourceTree = "<group>"; };
		C97AEB152A38355B00BB3408 /* Persistence.swift */ = {isa = PBXFileReference; lastKnownFileType = sourcecode.swift; path = Persistence.swift; sourceTree = "<group>"; };
		C97AEB1E2A38355B00BB3408 /* CalenderAppTests.xctest */ = {isa = PBXFileReference; explicitFileType = wrapper.cfbundle; includeInIndex = 0; path = CalenderAppTests.xctest; sourceTree = BUILT_PRODUCTS_DIR; };
		C97AEB222A38355B00BB3408 /* CalenderAppTests.swift */ = {isa = PBXFileReference; lastKnownFileType = sourcecode.swift; path = CalenderAppTests.swift; sourceTree = "<group>"; };
		C97AEB282A38355B00BB3408 /* CalenderAppUITests.xctest */ = {isa = PBXFileReference; explicitFileType = wrapper.cfbundle; includeInIndex = 0; path = CalenderAppUITests.xctest; sourceTree = BUILT_PRODUCTS_DIR; };
		C97AEB2C2A38355B00BB3408 /* CalenderAppUITests.swift */ = {isa = PBXFileReference; lastKnownFileType = sourcecode.swift; path = CalenderAppUITests.swift; sourceTree = "<group>"; };
		C97AEB2E2A38355B00BB3408 /* CalenderAppUITestsLaunchTests.swift */ = {isa = PBXFileReference; lastKnownFileType = sourcecode.swift; path = CalenderAppUITestsLaunchTests.swift; sourceTree = "<group>"; };
		C97AEB3B2A3839FE00BB3408 /* Schedule+CoreDataClass.swift */ = {isa = PBXFileReference; lastKnownFileType = sourcecode.swift; path = "Schedule+CoreDataClass.swift"; sourceTree = "<group>"; };
		C97AEB3C2A3839FE00BB3408 /* Schedule+CoreDataProperties.swift */ = {isa = PBXFileReference; lastKnownFileType = sourcecode.swift; path = "Schedule+CoreDataProperties.swift"; sourceTree = "<group>"; };
		C97AEB412A3862F000BB3408 /* CellView.swift */ = {isa = PBXFileReference; lastKnownFileType = sourcecode.swift; path = CellView.swift; sourceTree = "<group>"; };
		C97AEB432A38C1AC00BB3408 /* EditScheduleView.swift */ = {isa = PBXFileReference; lastKnownFileType = sourcecode.swift; path = EditScheduleView.swift; sourceTree = "<group>"; };
		C97AEB452A38C44F00BB3408 /* AddScheduleView.swift */ = {isa = PBXFileReference; lastKnownFileType = sourcecode.swift; path = AddScheduleView.swift; sourceTree = "<group>"; };
/* End PBXFileReference section */

/* Begin PBXFrameworksBuildPhase section */
		C97AEB062A38355A00BB3408 /* Frameworks */ = {
			isa = PBXFrameworksBuildPhase;
			buildActionMask = 2147483647;
			files = (
			);
			runOnlyForDeploymentPostprocessing = 0;
		};
		C97AEB1B2A38355B00BB3408 /* Frameworks */ = {
			isa = PBXFrameworksBuildPhase;
			buildActionMask = 2147483647;
			files = (
			);
			runOnlyForDeploymentPostprocessing = 0;
		};
		C97AEB252A38355B00BB3408 /* Frameworks */ = {
			isa = PBXFrameworksBuildPhase;
			buildActionMask = 2147483647;
			files = (
			);
			runOnlyForDeploymentPostprocessing = 0;
		};
/* End PBXFrameworksBuildPhase section */

/* Begin PBXGroup section */
		C97AEB002A38355A00BB3408 = {
			isa = PBXGroup;
			children = (
				C97AEB0B2A38355A00BB3408 /* CalenderApp */,
				C97AEB212A38355B00BB3408 /* CalenderAppTests */,
				C97AEB2B2A38355B00BB3408 /* CalenderAppUITests */,
				C97AEB0A2A38355A00BB3408 /* Products */,
			);
			sourceTree = "<group>";
		};
		C97AEB0A2A38355A00BB3408 /* Products */ = {
			isa = PBXGroup;
			children = (
				C97AEB092A38355A00BB3408 /* CalenderApp.app */,
				C97AEB1E2A38355B00BB3408 /* CalenderAppTests.xctest */,
				C97AEB282A38355B00BB3408 /* CalenderAppUITests.xctest */,
			);
			name = Products;
			sourceTree = "<group>";
		};
		C97AEB0B2A38355A00BB3408 /* CalenderApp */ = {
			isa = PBXGroup;
			children = (
				C97AEB3B2A3839FE00BB3408 /* Schedule+CoreDataClass.swift */,
				C97AEB3C2A3839FE00BB3408 /* Schedule+CoreDataProperties.swift */,
				C97AEB0C2A38355A00BB3408 /* CalenderAppApp.swift */,
				C97AEB0E2A38355A00BB3408 /* ContentView.swift */,
				C97AEB102A38355B00BB3408 /* Assets.xcassets */,
				C97AEB152A38355B00BB3408 /* Persistence.swift */,
				C97AEB122A38355B00BB3408 /* Preview Content */,
				C97AEB412A3862F000BB3408 /* CellView.swift */,
				C97AEB452A38C44F00BB3408 /* AddScheduleView.swift */,
				C97AEB432A38C1AC00BB3408 /* EditScheduleView.swift */,
			);
			path = CalenderApp;
			sourceTree = "<group>";
		};
		C97AEB122A38355B00BB3408 /* Preview Content */ = {
			isa = PBXGroup;
			children = (
				C97AEB132A38355B00BB3408 /* Preview Assets.xcassets */,
			);
			path = "Preview Content";
			sourceTree = "<group>";
		};
		C97AEB212A38355B00BB3408 /* CalenderAppTests */ = {
			isa = PBXGroup;
			children = (
				C97AEB222A38355B00BB3408 /* CalenderAppTests.swift */,
			);
			path = CalenderAppTests;
			sourceTree = "<group>";
		};
		C97AEB2B2A38355B00BB3408 /* CalenderAppUITests */ = {
			isa = PBXGroup;
			children = (
				C97AEB2C2A38355B00BB3408 /* CalenderAppUITests.swift */,
				C97AEB2E2A38355B00BB3408 /* CalenderAppUITestsLaunchTests.swift */,
			);
			path = CalenderAppUITests;
			sourceTree = "<group>";
		};
/* End PBXGroup section */

/* Begin PBXNativeTarget section */
		C97AEB082A38355A00BB3408 /* CalenderApp */ = {
			isa = PBXNativeTarget;
			buildConfigurationList = C97AEB322A38355B00BB3408 /* Build configuration list for PBXNativeTarget "CalenderApp" */;
			buildPhases = (
				C97AEB052A38355A00BB3408 /* Sources */,
				C97AEB062A38355A00BB3408 /* Frameworks */,
				C97AEB072A38355A00BB3408 /* Resources */,
			);
			buildRules = (
			);
			dependencies = (
			);
			name = CalenderApp;
			productName = CalenderApp;
			productReference = C97AEB092A38355A00BB3408 /* CalenderApp.app */;
			productType = "com.apple.product-type.application";
		};
		C97AEB1D2A38355B00BB3408 /* CalenderAppTests */ = {
			isa = PBXNativeTarget;
			buildConfigurationList = C97AEB352A38355B00BB3408 /* Build configuration list for PBXNativeTarget "CalenderAppTests" */;
			buildPhases = (
				C97AEB1A2A38355B00BB3408 /* Sources */,
				C97AEB1B2A38355B00BB3408 /* Frameworks */,
				C97AEB1C2A38355B00BB3408 /* Resources */,
			);
			buildRules = (
			);
			dependencies = (
				C97AEB202A38355B00BB3408 /* PBXTargetDependency */,
			);
			name = CalenderAppTests;
			productName = CalenderAppTests;
			productReference = C97AEB1E2A38355B00BB3408 /* CalenderAppTests.xctest */;
			productType = "com.apple.product-type.bundle.unit-test";
		};
		C97AEB272A38355B00BB3408 /* CalenderAppUITests */ = {
			isa = PBXNativeTarget;
			buildConfigurationList = C97AEB382A38355B00BB3408 /* Build configuration list for PBXNativeTarget "CalenderAppUITests" */;
			buildPhases = (
				C97AEB242A38355B00BB3408 /* Sources */,
				C97AEB252A38355B00BB3408 /* Frameworks */,
				C97AEB262A38355B00BB3408 /* Resources */,
			);
			buildRules = (
			);
			dependencies = (
				C97AEB2A2A38355B00BB3408 /* PBXTargetDependency */,
			);
			name = CalenderAppUITests;
			productName = CalenderAppUITests;
			productReference = C97AEB282A38355B00BB3408 /* CalenderAppUITests.xctest */;
			productType = "com.apple.product-type.bundle.ui-testing";
		};
/* End PBXNativeTarget section */

/* Begin PBXProject section */
		C97AEB012A38355A00BB3408 /* Project object */ = {
			isa = PBXProject;
			attributes = {
				BuildIndependentTargetsInParallel = 1;
				LastSwiftUpdateCheck = 1430;
				LastUpgradeCheck = 1430;
				TargetAttributes = {
					C97AEB082A38355A00BB3408 = {
						CreatedOnToolsVersion = 14.3.1;
					};
					C97AEB1D2A38355B00BB3408 = {
						CreatedOnToolsVersion = 14.3.1;
						TestTargetID = C97AEB082A38355A00BB3408;
					};
					C97AEB272A38355B00BB3408 = {
						CreatedOnToolsVersion = 14.3.1;
						TestTargetID = C97AEB082A38355A00BB3408;
					};
				};
			};
			buildConfigurationList = C97AEB042A38355A00BB3408 /* Build configuration list for PBXProject "CalenderApp" */;
			compatibilityVersion = "Xcode 14.0";
			developmentRegion = en;
			hasScannedForEncodings = 0;
			knownRegions = (
				en,
				Base,
			);
			mainGroup = C97AEB002A38355A00BB3408;
			productRefGroup = C97AEB0A2A38355A00BB3408 /* Products */;
			projectDirPath = "";
			projectRoot = "";
			targets = (
				C97AEB082A38355A00BB3408 /* CalenderApp */,
				C97AEB1D2A38355B00BB3408 /* CalenderAppTests */,
				C97AEB272A38355B00BB3408 /* CalenderAppUITests */,
			);
		};
/* End PBXProject section */

/* Begin PBXResourcesBuildPhase section */
		C97AEB072A38355A00BB3408 /* Resources */ = {
			isa = PBXResourcesBuildPhase;
			buildActionMask = 2147483647;
			files = (
				C97AEB142A38355B00BB3408 /* Preview Assets.xcassets in Resources */,
				C97AEB112A38355B00BB3408 /* Assets.xcassets in Resources */,
			);
			runOnlyForDeploymentPostprocessing = 0;
		};
		C97AEB1C2A38355B00BB3408 /* Resources */ = {
			isa = PBXResourcesBuildPhase;
			buildActionMask = 2147483647;
			files = (
			);
			runOnlyForDeploymentPostprocessing = 0;
		};
		C97AEB262A38355B00BB3408 /* Resources */ = {
			isa = PBXResourcesBuildPhase;
			buildActionMask = 2147483647;
			files = (
			);
			runOnlyForDeploymentPostprocessing = 0;
		};
/* End PBXResourcesBuildPhase section */

/* Begin PBXSourcesBuildPhase section */
		C97AEB052A38355A00BB3408 /* Sources */ = {
			isa = PBXSourcesBuildPhase;
			buildActionMask = 2147483647;
			files = (
				C97AEB3E2A3839FE00BB3408 /* Schedule+CoreDataProperties.swift in Sources */,
				C97AEB462A38C44F00BB3408 /* AddScheduleView.swift in Sources */,
				C97AEB162A38355B00BB3408 /* Persistence.swift in Sources */,
				C97AEB422A3862F000BB3408 /* CellView.swift in Sources */,
				C97AEB442A38C1AC00BB3408 /* EditScheduleView.swift in Sources */,
				C97AEB0F2A38355A00BB3408 /* ContentView.swift in Sources */,
				C97AEB0D2A38355A00BB3408 /* CalenderAppApp.swift in Sources */,
				C97AEB3D2A3839FE00BB3408 /* Schedule+CoreDataClass.swift in Sources */,
			);
			runOnlyForDeploymentPostprocessing = 0;
		};
		C97AEB1A2A38355B00BB3408 /* Sources */ = {
			isa = PBXSourcesBuildPhase;
			buildActionMask = 2147483647;
			files = (
				C97AEB232A38355B00BB3408 /* CalenderAppTests.swift in Sources */,
			);
			runOnlyForDeploymentPostprocessing = 0;
		};
		C97AEB242A38355B00BB3408 /* Sources */ = {
			isa = PBXSourcesBuildPhase;
			buildActionMask = 2147483647;
			files = (
				C97AEB2F2A38355B00BB3408 /* CalenderAppUITestsLaunchTests.swift in Sources */,
				C97AEB2D2A38355B00BB3408 /* CalenderAppUITests.swift in Sources */,
			);
			runOnlyForDeploymentPostprocessing = 0;
		};
/* End PBXSourcesBuildPhase section */

/* Begin PBXTargetDependency section */
		C97AEB202A38355B00BB3408 /* PBXTargetDependency */ = {
			isa = PBXTargetDependency;
			target = C97AEB082A38355A00BB3408 /* CalenderApp */;
			targetProxy = C97AEB1F2A38355B00BB3408 /* PBXContainerItemProxy */;
		};
		C97AEB2A2A38355B00BB3408 /* PBXTargetDependency */ = {
			isa = PBXTargetDependency;
			target = C97AEB082A38355A00BB3408 /* CalenderApp */;
			targetProxy = C97AEB292A38355B00BB3408 /* PBXContainerItemProxy */;
		};
/* End PBXTargetDependency section */

/* Begin XCBuildConfiguration section */
		C97AEB302A38355B00BB3408 /* Debug */ = {
			isa = XCBuildConfiguration;
			buildSettings = {
				ALWAYS_SEARCH_USER_PATHS = NO;
				CLANG_ANALYZER_NONNULL = YES;
				CLANG_ANALYZER_NUMBER_OBJECT_CONVERSION = YES_AGGRESSIVE;
				CLANG_CXX_LANGUAGE_STANDARD = "gnu++20";
				CLANG_ENABLE_MODULES = YES;
				CLANG_ENABLE_OBJC_ARC = YES;
				CLANG_ENABLE_OBJC_WEAK = YES;
				CLANG_WARN_BLOCK_CAPTURE_AUTORELEASING = YES;
				CLANG_WARN_BOOL_CONVERSION = YES;
				CLANG_WARN_COMMA = YES;
				CLANG_WARN_CONSTANT_CONVERSION = YES;
				CLANG_WARN_DEPRECATED_OBJC_IMPLEMENTATIONS = YES;
				CLANG_WARN_DIRECT_OBJC_ISA_USAGE = YES_ERROR;
				CLANG_WARN_DOCUMENTATION_COMMENTS = YES;
				CLANG_WARN_EMPTY_BODY = YES;
				CLANG_WARN_ENUM_CONVERSION = YES;
				CLANG_WARN_INFINITE_RECURSION = YES;
				CLANG_WARN_INT_CONVERSION = YES;
				CLANG_WARN_NON_LITERAL_NULL_CONVERSION = YES;
				CLANG_WARN_OBJC_IMPLICIT_RETAIN_SELF = YES;
				CLANG_WARN_OBJC_LITERAL_CONVERSION = YES;
				CLANG_WARN_OBJC_ROOT_CLASS = YES_ERROR;
				CLANG_WARN_QUOTED_INCLUDE_IN_FRAMEWORK_HEADER = YES;
				CLANG_WARN_RANGE_LOOP_ANALYSIS = YES;
				CLANG_WARN_STRICT_PROTOTYPES = YES;
				CLANG_WARN_SUSPICIOUS_MOVE = YES;
				CLANG_WARN_UNGUARDED_AVAILABILITY = YES_AGGRESSIVE;
				CLANG_WARN_UNREACHABLE_CODE = YES;
				CLANG_WARN__DUPLICATE_METHOD_MATCH = YES;
				COPY_PHASE_STRIP = NO;
				DEBUG_INFORMATION_FORMAT = dwarf;
				ENABLE_STRICT_OBJC_MSGSEND = YES;
				ENABLE_TESTABILITY = YES;
				GCC_C_LANGUAGE_STANDARD = gnu11;
				GCC_DYNAMIC_NO_PIC = NO;
				GCC_NO_COMMON_BLOCKS = YES;
				GCC_OPTIMIZATION_LEVEL = 0;
				GCC_PREPROCESSOR_DEFINITIONS = (
					"DEBUG=1",
					"$(inherited)",
				);
				GCC_WARN_64_TO_32_BIT_CONVERSION = YES;
				GCC_WARN_ABOUT_RETURN_TYPE = YES_ERROR;
				GCC_WARN_UNDECLARED_SELECTOR = YES;
				GCC_WARN_UNINITIALIZED_AUTOS = YES_AGGRESSIVE;
				GCC_WARN_UNUSED_FUNCTION = YES;
				GCC_WARN_UNUSED_VARIABLE = YES;
				IPHONEOS_DEPLOYMENT_TARGET = 16.4;
				MTL_ENABLE_DEBUG_INFO = INCLUDE_SOURCE;
				MTL_FAST_MATH = YES;
				ONLY_ACTIVE_ARCH = YES;
				SDKROOT = iphoneos;
				SWIFT_ACTIVE_COMPILATION_CONDITIONS = DEBUG;
				SWIFT_OPTIMIZATION_LEVEL = "-Onone";
			};
			name = Debug;
		};
		C97AEB312A38355B00BB3408 /* Release */ = {
			isa = XCBuildConfiguration;
			buildSettings = {
				ALWAYS_SEARCH_USER_PATHS = NO;
				CLANG_ANALYZER_NONNULL = YES;
				CLANG_ANALYZER_NUMBER_OBJECT_CONVERSION = YES_AGGRESSIVE;
				CLANG_CXX_LANGUAGE_STANDARD = "gnu++20";
				CLANG_ENABLE_MODULES = YES;
				CLANG_ENABLE_OBJC_ARC = YES;
				CLANG_ENABLE_OBJC_WEAK = YES;
				CLANG_WARN_BLOCK_CAPTURE_AUTORELEASING = YES;
				CLANG_WARN_BOOL_CONVERSION = YES;
				CLANG_WARN_COMMA = YES;
				CLANG_WARN_CONSTANT_CONVERSION = YES;
				CLANG_WARN_DEPRECATED_OBJC_IMPLEMENTATIONS = YES;
				CLANG_WARN_DIRECT_OBJC_ISA_USAGE = YES_ERROR;
				CLANG_WARN_DOCUMENTATION_COMMENTS = YES;
				CLANG_WARN_EMPTY_BODY = YES;
				CLANG_WARN_ENUM_CONVERSION = YES;
				CLANG_WARN_INFINITE_RECURSION = YES;
				CLANG_WARN_INT_CONVERSION = YES;
				CLANG_WARN_NON_LITERAL_NULL_CONVERSION = YES;
				CLANG_WARN_OBJC_IMPLICIT_RETAIN_SELF = YES;
				CLANG_WARN_OBJC_LITERAL_CONVERSION = YES;
				CLANG_WARN_OBJC_ROOT_CLASS = YES_ERROR;
				CLANG_WARN_QUOTED_INCLUDE_IN_FRAMEWORK_HEADER = YES;
				CLANG_WARN_RANGE_LOOP_ANALYSIS = YES;
				CLANG_WARN_STRICT_PROTOTYPES = YES;
				CLANG_WARN_SUSPICIOUS_MOVE = YES;
				CLANG_WARN_UNGUARDED_AVAILABILITY = YES_AGGRESSIVE;
				CLANG_WARN_UNREACHABLE_CODE = YES;
				CLANG_WARN__DUPLICATE_METHOD_MATCH = YES;
				COPY_PHASE_STRIP = NO;
				DEBUG_INFORMATION_FORMAT = "dwarf-with-dsym";
				ENABLE_NS_ASSERTIONS = NO;
				ENABLE_STRICT_OBJC_MSGSEND = YES;
				GCC_C_LANGUAGE_STANDARD = gnu11;
				GCC_NO_COMMON_BLOCKS = YES;
				GCC_WARN_64_TO_32_BIT_CONVERSION = YES;
				GCC_WARN_ABOUT_RETURN_TYPE = YES_ERROR;
				GCC_WARN_UNDECLARED_SELECTOR = YES;
				GCC_WARN_UNINITIALIZED_AUTOS = YES_AGGRESSIVE;
				GCC_WARN_UNUSED_FUNCTION = YES;
				GCC_WARN_UNUSED_VARIABLE = YES;
				IPHONEOS_DEPLOYMENT_TARGET = 16.4;
				MTL_ENABLE_DEBUG_INFO = NO;
				MTL_FAST_MATH = YES;
				SDKROOT = iphoneos;
				SWIFT_COMPILATION_MODE = wholemodule;
				SWIFT_OPTIMIZATION_LEVEL = "-O";
				VALIDATE_PRODUCT = YES;
			};
			name = Release;
		};
		C97AEB332A38355B00BB3408 /* Debug */ = {
			isa = XCBuildConfiguration;
			buildSettings = {
				ASSETCATALOG_COMPILER_APPICON_NAME = AppIcon;
				ASSETCATALOG_COMPILER_GLOBAL_ACCENT_COLOR_NAME = AccentColor;
				CODE_SIGN_STYLE = Automatic;
				CURRENT_PROJECT_VERSION = 1;
				DEVELOPMENT_ASSET_PATHS = "\"CalenderApp/Preview Content\"";
				DEVELOPMENT_TEAM = 4SH7X72UQ9;
				ENABLE_PREVIEWS = YES;
				GENERATE_INFOPLIST_FILE = YES;
				INFOPLIST_KEY_UIApplicationSceneManifest_Generation = YES;
				INFOPLIST_KEY_UIApplicationSupportsIndirectInputEvents = YES;
				INFOPLIST_KEY_UILaunchScreen_Generation = YES;
				INFOPLIST_KEY_UISupportedInterfaceOrientations_iPad = "UIInterfaceOrientationPortrait UIInterfaceOrientationPortraitUpsideDown UIInterfaceOrientationLandscapeLeft UIInterfaceOrientationLandscapeRight";
				INFOPLIST_KEY_UISupportedInterfaceOrientations_iPhone = "UIInterfaceOrientationPortrait UIInterfaceOrientationLandscapeLeft UIInterfaceOrientationLandscapeRight";
				LD_RUNPATH_SEARCH_PATHS = (
					"$(inherited)",
					"@executable_path/Frameworks",
				);
				MARKETING_VERSION = 1.0;
				PRODUCT_BUNDLE_IDENTIFIER = TakuyaAsaoka.CalenderApp;
				PRODUCT_NAME = "$(TARGET_NAME)";
				SWIFT_EMIT_LOC_STRINGS = YES;
				SWIFT_VERSION = 5.0;
				TARGETED_DEVICE_FAMILY = "1,2";
			};
			name = Debug;
		};
		C97AEB342A38355B00BB3408 /* Release */ = {
			isa = XCBuildConfiguration;
			buildSettings = {
				ASSETCATALOG_COMPILER_APPICON_NAME = AppIcon;
				ASSETCATALOG_COMPILER_GLOBAL_ACCENT_COLOR_NAME = AccentColor;
				CODE_SIGN_STYLE = Automatic;
				CURRENT_PROJECT_VERSION = 1;
				DEVELOPMENT_ASSET_PATHS = "\"CalenderApp/Preview Content\"";
				DEVELOPMENT_TEAM = 4SH7X72UQ9;
				ENABLE_PREVIEWS = YES;
				GENERATE_INFOPLIST_FILE = YES;
				INFOPLIST_KEY_UIApplicationSceneManifest_Generation = YES;
				INFOPLIST_KEY_UIApplicationSupportsIndirectInputEvents = YES;
				INFOPLIST_KEY_UILaunchScreen_Generation = YES;
				INFOPLIST_KEY_UISupportedInterfaceOrientations_iPad = "UIInterfaceOrientationPortrait UIInterfaceOrientationPortraitUpsideDown UIInterfaceOrientationLandscapeLeft UIInterfaceOrientationLandscapeRight";
				INFOPLIST_KEY_UISupportedInterfaceOrientations_iPhone = "UIInterfaceOrientationPortrait UIInterfaceOrientationLandscapeLeft UIInterfaceOrientationLandscapeRight";
				LD_RUNPATH_SEARCH_PATHS = (
					"$(inherited)",
					"@executable_path/Frameworks",
				);
				MARKETING_VERSION = 1.0;
				PRODUCT_BUNDLE_IDENTIFIER = TakuyaAsaoka.CalenderApp;
				PRODUCT_NAME = "$(TARGET_NAME)";
				SWIFT_EMIT_LOC_STRINGS = YES;
				SWIFT_VERSION = 5.0;
				TARGETED_DEVICE_FAMILY = "1,2";
			};
			name = Release;
		};
		C97AEB362A38355B00BB3408 /* Debug */ = {
			isa = XCBuildConfiguration;
			buildSettings = {
				ALWAYS_EMBED_SWIFT_STANDARD_LIBRARIES = YES;
				BUNDLE_LOADER = "$(TEST_HOST)";
				CODE_SIGN_STYLE = Automatic;
				CURRENT_PROJECT_VERSION = 1;
				DEVELOPMENT_TEAM = 4SH7X72UQ9;
				GENERATE_INFOPLIST_FILE = YES;
				IPHONEOS_DEPLOYMENT_TARGET = 16.4;
				MARKETING_VERSION = 1.0;
				PRODUCT_BUNDLE_IDENTIFIER = TakuyaAsaoka.CalenderAppTests;
				PRODUCT_NAME = "$(TARGET_NAME)";
				SWIFT_EMIT_LOC_STRINGS = NO;
				SWIFT_VERSION = 5.0;
				TARGETED_DEVICE_FAMILY = "1,2";
				TEST_HOST = "$(BUILT_PRODUCTS_DIR)/CalenderApp.app/$(BUNDLE_EXECUTABLE_FOLDER_PATH)/CalenderApp";
			};
			name = Debug;
		};
		C97AEB372A38355B00BB3408 /* Release */ = {
			isa = XCBuildConfiguration;
			buildSettings = {
				ALWAYS_EMBED_SWIFT_STANDARD_LIBRARIES = YES;
				BUNDLE_LOADER = "$(TEST_HOST)";
				CODE_SIGN_STYLE = Automatic;
				CURRENT_PROJECT_VERSION = 1;
				DEVELOPMENT_TEAM = 4SH7X72UQ9;
				GENERATE_INFOPLIST_FILE = YES;
				IPHONEOS_DEPLOYMENT_TARGET = 16.4;
				MARKETING_VERSION = 1.0;
				PRODUCT_BUNDLE_IDENTIFIER = TakuyaAsaoka.CalenderAppTests;
				PRODUCT_NAME = "$(TARGET_NAME)";
				SWIFT_EMIT_LOC_STRINGS = NO;
				SWIFT_VERSION = 5.0;
				TARGETED_DEVICE_FAMILY = "1,2";
				TEST_HOST = "$(BUILT_PRODUCTS_DIR)/CalenderApp.app/$(BUNDLE_EXECUTABLE_FOLDER_PATH)/CalenderApp";
			};
			name = Release;
		};
		C97AEB392A38355B00BB3408 /* Debug */ = {
			isa = XCBuildConfiguration;
			buildSettings = {
				ALWAYS_EMBED_SWIFT_STANDARD_LIBRARIES = YES;
				CODE_SIGN_STYLE = Automatic;
				CURRENT_PROJECT_VERSION = 1;
				DEVELOPMENT_TEAM = 4SH7X72UQ9;
				GENERATE_INFOPLIST_FILE = YES;
				MARKETING_VERSION = 1.0;
				PRODUCT_BUNDLE_IDENTIFIER = TakuyaAsaoka.CalenderAppUITests;
				PRODUCT_NAME = "$(TARGET_NAME)";
				SWIFT_EMIT_LOC_STRINGS = NO;
				SWIFT_VERSION = 5.0;
				TARGETED_DEVICE_FAMILY = "1,2";
				TEST_TARGET_NAME = CalenderApp;
			};
			name = Debug;
		};
		C97AEB3A2A38355B00BB3408 /* Release */ = {
			isa = XCBuildConfiguration;
			buildSettings = {
				ALWAYS_EMBED_SWIFT_STANDARD_LIBRARIES = YES;
				CODE_SIGN_STYLE = Automatic;
				CURRENT_PROJECT_VERSION = 1;
				DEVELOPMENT_TEAM = 4SH7X72UQ9;
				GENERATE_INFOPLIST_FILE = YES;
				MARKETING_VERSION = 1.0;
				PRODUCT_BUNDLE_IDENTIFIER = TakuyaAsaoka.CalenderAppUITests;
				PRODUCT_NAME = "$(TARGET_NAME)";
				SWIFT_EMIT_LOC_STRINGS = NO;
				SWIFT_VERSION = 5.0;
				TARGETED_DEVICE_FAMILY = "1,2";
				TEST_TARGET_NAME = CalenderApp;
			};
			name = Release;
		};
/* End XCBuildConfiguration section */

/* Begin XCConfigurationList section */
		C97AEB042A38355A00BB3408 /* Build configuration list for PBXProject "CalenderApp" */ = {
			isa = XCConfigurationList;
			buildConfigurations = (
				C97AEB302A38355B00BB3408 /* Debug */,
				C97AEB312A38355B00BB3408 /* Release */,
			);
			defaultConfigurationIsVisible = 0;
			defaultConfigurationName = Release;
		};
		C97AEB322A38355B00BB3408 /* Build configuration list for PBXNativeTarget "CalenderApp" */ = {
			isa = XCConfigurationList;
			buildConfigurations = (
				C97AEB332A38355B00BB3408 /* Debug */,
				C97AEB342A38355B00BB3408 /* Release */,
			);
			defaultConfigurationIsVisible = 0;
			defaultConfigurationName = Release;
		};
		C97AEB352A38355B00BB3408 /* Build configuration list for PBXNativeTarget "CalenderAppTests" */ = {
			isa = XCConfigurationList;
			buildConfigurations = (
				C97AEB362A38355B00BB3408 /* Debug */,
				C97AEB372A38355B00BB3408 /* Release */,
			);
			defaultConfigurationIsVisible = 0;
			defaultConfigurationName = Release;
		};
		C97AEB382A38355B00BB3408 /* Build configuration list for PBXNativeTarget "CalenderAppUITests" */ = {
			isa = XCConfigurationList;
			buildConfigurations = (
				C97AEB392A38355B00BB3408 /* Debug */,
				C97AEB3A2A38355B00BB3408 /* Release */,
			);
			defaultConfigurationIsVisible = 0;
			defaultConfigurationName = Release;
		};
/* End XCConfigurationList section */
	};
	rootObject = C97AEB012A38355A00BB3408 /* Project object */;
}
